
Microsoft Visual Studio Solution File, Format Version 12.00
# Visual Studio 15
VisualStudioVersion = 15.0.26730.16
MinimumVisualStudioVersion = 10.0.40219.1
Project("{FAE04EC0-301F-11D3-BF4B-00C04F79EFBC}") = "WebApi2", "WebApi2\WebApi2.csproj", "{A43ACE69-2099-45D3-A4AB-E32B0F6884ED}"
EndProject
Project("{FAE04EC0-301F-11D3-BF4B-00C04F79EFBC}") = "Entity", "Entity\Entity.csproj", "{08B83553-B3AE-4FE2-AC01-857295A2DEA5}"
EndProject
Global
	GlobalSection(SolutionConfigurationPlatforms) = preSolution
		Debug|Any CPU = Debug|Any CPU
		Release|Any CPU = Release|Any CPU
	EndGlobalSection
	GlobalSection(ProjectConfigurationPlatforms) = postSolution
		{A43ACE69-2099-45D3-A4AB-E32B0F6884ED}.Debug|Any CPU.ActiveCfg = Debug|Any CPU
		{A43ACE69-2099-45D3-A4AB-E32B0F6884ED}.Debug|Any CPU.Build.0 = Debug|Any CPU
		{A43ACE69-2099-45D3-A4AB-E32B0F6884ED}.Release|Any CPU.ActiveCfg = Release|Any CPU
		{A43ACE69-2099-45D3-A4AB-E32B0F6884ED}.Release|Any CPU.Build.0 = Release|Any CPU
		{08B83553-B3AE-4FE2-AC01-857295A2DEA5}.Debug|Any CPU.ActiveCfg = Debug|Any CPU
		{08B83553-B3AE-4FE2-AC01-857295A2DEA5}.Debug|Any CPU.Build.0 = Debug|Any CPU
		{08B83553-B3AE-4FE2-AC01-857295A2DEA5}.Release|Any CPU.ActiveCfg = Release|Any CPU
		{08B83553-B3AE-4FE2-AC01-857295A2DEA5}.Release|Any CPU.Build.0 = Release|Any CPU
	EndGlobalSection
	GlobalSection(SolutionProperties) = preSolution
		HideSolutionNode = FALSE
	EndGlobalSection
	GlobalSection(ExtensibilityGlobals) = postSolution
		SolutionGuid = {A5AD171D-1F72-4080-8891-7B2D06FB685D}
	EndGlobalSection
EndGlobal
